// !$*UTF8*$!
{
	archiveVersion = 1;
	classes = {
	};
	objectVersion = 56;
	objects = {

/* Begin PBXBuildFile section */
		02F5440D2B01A8C800A39547 /* SeSAC3SwiftUIApp.swift in Sources */ = {isa = PBXBuildFile; fileRef = 02F5440C2B01A8C800A39547 /* SeSAC3SwiftUIApp.swift */; };
		02F5440F2B01A8C800A39547 /* ContentView.swift in Sources */ = {isa = PBXBuildFile; fileRef = 02F5440E2B01A8C800A39547 /* ContentView.swift */; };
		02F544112B01A8CB00A39547 /* Assets.xcassets in Resources */ = {isa = PBXBuildFile; fileRef = 02F544102B01A8CB00A39547 /* Assets.xcassets */; };
		02F544142B01A8CB00A39547 /* Preview Assets.xcassets in Resources */ = {isa = PBXBuildFile; fileRef = 02F544132B01A8CB00A39547 /* Preview Assets.xcassets */; };
		02F5441E2B01A8CB00A39547 /* SeSAC3SwiftUITests.swift in Sources */ = {isa = PBXBuildFile; fileRef = 02F5441D2B01A8CB00A39547 /* SeSAC3SwiftUITests.swift */; };
		02F544282B01A8CB00A39547 /* SeSAC3SwiftUIUITests.swift in Sources */ = {isa = PBXBuildFile; fileRef = 02F544272B01A8CB00A39547 /* SeSAC3SwiftUIUITests.swift */; };
		02F5442A2B01A8CB00A39547 /* SeSAC3SwiftUIUITestsLaunchTests.swift in Sources */ = {isa = PBXBuildFile; fileRef = 02F544292B01A8CB00A39547 /* SeSAC3SwiftUIUITestsLaunchTests.swift */; };
/* End PBXBuildFile section */

/* Begin PBXContainerItemProxy section */
		02F5441A2B01A8CB00A39547 /* PBXContainerItemProxy */ = {
			isa = PBXContainerItemProxy;
			containerPortal = 02F544012B01A8C800A39547 /* Project object */;
			proxyType = 1;
			remoteGlobalIDString = 02F544082B01A8C800A39547;
			remoteInfo = SeSAC3SwiftUI;
		};
		02F544242B01A8CB00A39547 /* PBXContainerItemProxy */ = {
			isa = PBXContainerItemProxy;
			containerPortal = 02F544012B01A8C800A39547 /* Project object */;
			proxyType = 1;
			remoteGlobalIDString = 02F544082B01A8C800A39547;
			remoteInfo = SeSAC3SwiftUI;
		};
/* End PBXContainerItemProxy section */

/* Begin PBXFileReference section */
		02F544092B01A8C800A39547 /* SeSAC3SwiftUI.app */ = {isa = PBXFileReference; explicitFileType = wrapper.application; includeInIndex = 0; path = SeSAC3SwiftUI.app; sourceTree = BUILT_PRODUCTS_DIR; };
		02F5440C2B01A8C800A39547 /* SeSAC3SwiftUIApp.swift */ = {isa = PBXFileReference; lastKnownFileType = sourcecode.swift; path = SeSAC3SwiftUIApp.swift; sourceTree = "<group>"; };
		02F5440E2B01A8C800A39547 /* ContentView.swift */ = {isa = PBXFileReference; lastKnownFileType = sourcecode.swift; path = ContentView.swift; sourceTree = "<group>"; };
		02F544102B01A8CB00A39547 /* Assets.xcassets */ = {isa = PBXFileReference; lastKnownFileType = folder.assetcatalog; path = Assets.xcassets; sourceTree = "<group>"; };
		02F544132B01A8CB00A39547 /* Preview Assets.xcassets */ = {isa = PBXFileReference; lastKnownFileType = folder.assetcatalog; path = "Preview Assets.xcassets"; sourceTree = "<group>"; };
		02F544192B01A8CB00A39547 /* SeSAC3SwiftUITests.xctest */ = {isa = PBXFileReference; explicitFileType = wrapper.cfbundle; includeInIndex = 0; path = SeSAC3SwiftUITests.xctest; sourceTree = BUILT_PRODUCTS_DIR; };
		02F5441D2B01A8CB00A39547 /* SeSAC3SwiftUITests.swift */ = {isa = PBXFileReference; lastKnownFileType = sourcecode.swift; path = SeSAC3SwiftUITests.swift; sourceTree = "<group>"; };
		02F544232B01A8CB00A39547 /* SeSAC3SwiftUIUITests.xctest */ = {isa = PBXFileReference; explicitFileType = wrapper.cfbundle; includeInIndex = 0; path = SeSAC3SwiftUIUITests.xctest; sourceTree = BUILT_PRODUCTS_DIR; };
		02F544272B01A8CB00A39547 /* SeSAC3SwiftUIUITests.swift */ = {isa = PBXFileReference; lastKnownFileType = sourcecode.swift; path = SeSAC3SwiftUIUITests.swift; sourceTree = "<group>"; };
		02F544292B01A8CB00A39547 /* SeSAC3SwiftUIUITestsLaunchTests.swift */ = {isa = PBXFileReference; lastKnownFileType = sourcecode.swift; path = SeSAC3SwiftUIUITestsLaunchTests.swift; sourceTree = "<group>"; };
/* End PBXFileReference section */

/* Begin PBXFrameworksBuildPhase section */
		02F544062B01A8C800A39547 /* Frameworks */ = {
			isa = PBXFrameworksBuildPhase;
			buildActionMask = 2147483647;
			files = (
			);
			runOnlyForDeploymentPostprocessing = 0;
		};
		02F544162B01A8CB00A39547 /* Frameworks */ = {
			isa = PBXFrameworksBuildPhase;
			buildActionMask = 2147483647;
			files = (
			);
			runOnlyForDeploymentPostprocessing = 0;
		};
		02F544202B01A8CB00A39547 /* Frameworks */ = {
			isa = PBXFrameworksBuildPhase;
			buildActionMask = 2147483647;
			files = (
			);
			runOnlyForDeploymentPostprocessing = 0;
		};
/* End PBXFrameworksBuildPhase section */

/* Begin PBXGroup section */
		02F544002B01A8C800A39547 = {
			isa = PBXGroup;
			children = (
				02F5440B2B01A8C800A39547 /* SeSAC3SwiftUI */,
				02F5441C2B01A8CB00A39547 /* SeSAC3SwiftUITests */,
				02F544262B01A8CB00A39547 /* SeSAC3SwiftUIUITests */,
				02F5440A2B01A8C800A39547 /* Products */,
			);
			sourceTree = "<group>";
		};
		02F5440A2B01A8C800A39547 /* Products */ = {
			isa = PBXGroup;
			children = (
				02F544092B01A8C800A39547 /* SeSAC3SwiftUI.app */,
				02F544192B01A8CB00A39547 /* SeSAC3SwiftUITests.xctest */,
				02F544232B01A8CB00A39547 /* SeSAC3SwiftUIUITests.xctest */,
			);
			name = Products;
			sourceTree = "<group>";
		};
		02F5440B2B01A8C800A39547 /* SeSAC3SwiftUI */ = {
			isa = PBXGroup;
			children = (
				02F5440C2B01A8C800A39547 /* SeSAC3SwiftUIApp.swift */,
				02F5440E2B01A8C800A39547 /* ContentView.swift */,
				02F544102B01A8CB00A39547 /* Assets.xcassets */,
				02F544122B01A8CB00A39547 /* Preview Content */,
			);
			path = SeSAC3SwiftUI;
			sourceTree = "<group>";
		};
		02F544122B01A8CB00A39547 /* Preview Content */ = {
			isa = PBXGroup;
			children = (
				02F544132B01A8CB00A39547 /* Preview Assets.xcassets */,
			);
			path = "Preview Content";
			sourceTree = "<group>";
		};
		02F5441C2B01A8CB00A39547 /* SeSAC3SwiftUITests */ = {
			isa = PBXGroup;
			children = (
				02F5441D2B01A8CB00A39547 /* SeSAC3SwiftUITests.swift */,
			);
			path = SeSAC3SwiftUITests;
			sourceTree = "<group>";
		};
		02F544262B01A8CB00A39547 /* SeSAC3SwiftUIUITests */ = {
			isa = PBXGroup;
			children = (
				02F544272B01A8CB00A39547 /* SeSAC3SwiftUIUITests.swift */,
				02F544292B01A8CB00A39547 /* SeSAC3SwiftUIUITestsLaunchTests.swift */,
			);
			path = SeSAC3SwiftUIUITests;
			sourceTree = "<group>";
		};
/* End PBXGroup section */

/* Begin PBXNativeTarget section */
		02F544082B01A8C800A39547 /* SeSAC3SwiftUI */ = {
			isa = PBXNativeTarget;
			buildConfigurationList = 02F5442D2B01A8CB00A39547 /* Build configuration list for PBXNativeTarget "SeSAC3SwiftUI" */;
			buildPhases = (
				02F544052B01A8C800A39547 /* Sources */,
				02F544062B01A8C800A39547 /* Frameworks */,
				02F544072B01A8C800A39547 /* Resources */,
			);
			buildRules = (
			);
			dependencies = (
			);
			name = SeSAC3SwiftUI;
			productName = SeSAC3SwiftUI;
			productReference = 02F544092B01A8C800A39547 /* SeSAC3SwiftUI.app */;
			productType = "com.apple.product-type.application";
		};
		02F544182B01A8CB00A39547 /* SeSAC3SwiftUITests */ = {
			isa = PBXNativeTarget;
			buildConfigurationList = 02F544302B01A8CB00A39547 /* Build configuration list for PBXNativeTarget "SeSAC3SwiftUITests" */;
			buildPhases = (
				02F544152B01A8CB00A39547 /* Sources */,
				02F544162B01A8CB00A39547 /* Frameworks */,
				02F544172B01A8CB00A39547 /* Resources */,
			);
			buildRules = (
			);
			dependencies = (
				02F5441B2B01A8CB00A39547 /* PBXTargetDependency */,
			);
			name = SeSAC3SwiftUITests;
			productName = SeSAC3SwiftUITests;
			productReference = 02F544192B01A8CB00A39547 /* SeSAC3SwiftUITests.xctest */;
			productType = "com.apple.product-type.bundle.unit-test";
		};
		02F544222B01A8CB00A39547 /* SeSAC3SwiftUIUITests */ = {
			isa = PBXNativeTarget;
			buildConfigurationList = 02F544332B01A8CB00A39547 /* Build configuration list for PBXNativeTarget "SeSAC3SwiftUIUITests" */;
			buildPhases = (
				02F5441F2B01A8CB00A39547 /* Sources */,
				02F544202B01A8CB00A39547 /* Frameworks */,
				02F544212B01A8CB00A39547 /* Resources */,
			);
			buildRules = (
			);
			dependencies = (
				02F544252B01A8CB00A39547 /* PBXTargetDependency */,
			);
			name = SeSAC3SwiftUIUITests;
			productName = SeSAC3SwiftUIUITests;
			productReference = 02F544232B01A8CB00A39547 /* SeSAC3SwiftUIUITests.xctest */;
			productType = "com.apple.product-type.bundle.ui-testing";
		};
/* End PBXNativeTarget section */

/* Begin PBXProject section */
		02F544012B01A8C800A39547 /* Project object */ = {
			isa = PBXProject;
			attributes = {
				BuildIndependentTargetsInParallel = 1;
				LastSwiftUpdateCheck = 1500;
				LastUpgradeCheck = 1500;
				TargetAttributes = {
					02F544082B01A8C800A39547 = {
						CreatedOnToolsVersion = 15.0.1;
					};
					02F544182B01A8CB00A39547 = {
						CreatedOnToolsVersion = 15.0.1;
						TestTargetID = 02F544082B01A8C800A39547;
					};
					02F544222B01A8CB00A39547 = {
						CreatedOnToolsVersion = 15.0.1;
						TestTargetID = 02F544082B01A8C800A39547;
					};
				};
			};
			buildConfigurationList = 02F544042B01A8C800A39547 /* Build configuration list for PBXProject "SeSAC3SwiftUI" */;
			compatibilityVersion = "Xcode 14.0";
			developmentRegion = en;
			hasScannedForEncodings = 0;
			knownRegions = (
				en,
				Base,
			);
			mainGroup = 02F544002B01A8C800A39547;
			productRefGroup = 02F5440A2B01A8C800A39547 /* Products */;
			projectDirPath = "";
			projectRoot = "";
			targets = (
				02F544082B01A8C800A39547 /* SeSAC3SwiftUI */,
				02F544182B01A8CB00A39547 /* SeSAC3SwiftUITests */,
				02F544222B01A8CB00A39547 /* SeSAC3SwiftUIUITests */,
			);
		};
/* End PBXProject section */

/* Begin PBXResourcesBuildPhase section */
		02F544072B01A8C800A39547 /* Resources */ = {
			isa = PBXResourcesBuildPhase;
			buildActionMask = 2147483647;
			files = (
				02F544142B01A8CB00A39547 /* Preview Assets.xcassets in Resources */,
				02F544112B01A8CB00A39547 /* Assets.xcassets in Resources */,
			);
			runOnlyForDeploymentPostprocessing = 0;
		};
		02F544172B01A8CB00A39547 /* Resources */ = {
			isa = PBXResourcesBuildPhase;
			buildActionMask = 2147483647;
			files = (
			);
			runOnlyForDeploymentPostprocessing = 0;
		};
		02F544212B01A8CB00A39547 /* Resources */ = {
			isa = PBXResourcesBuildPhase;
			buildActionMask = 2147483647;
			files = (
			);
			runOnlyForDeploymentPostprocessing = 0;
		};
/* End PBXResourcesBuildPhase section */

/* Begin PBXSourcesBuildPhase section */
		02F544052B01A8C800A39547 /* Sources */ = {
			isa = PBXSourcesBuildPhase;
			buildActionMask = 2147483647;
			files = (
				02F5440F2B01A8C800A39547 /* ContentView.swift in Sources */,
				02F5440D2B01A8C800A39547 /* SeSAC3SwiftUIApp.swift in Sources */,
			);
			runOnlyForDeploymentPostprocessing = 0;
		};
		02F544152B01A8CB00A39547 /* Sources */ = {
			isa = PBXSourcesBuildPhase;
			buildActionMask = 2147483647;
			files = (
				02F5441E2B01A8CB00A39547 /* SeSAC3SwiftUITests.swift in Sources */,
			);
			runOnlyForDeploymentPostprocessing = 0;
		};
		02F5441F2B01A8CB00A39547 /* Sources */ = {
			isa = PBXSourcesBuildPhase;
			buildActionMask = 2147483647;
			files = (
				02F5442A2B01A8CB00A39547 /* SeSAC3SwiftUIUITestsLaunchTests.swift in Sources */,
				02F544282B01A8CB00A39547 /* SeSAC3SwiftUIUITests.swift in Sources */,
			);
			runOnlyForDeploymentPostprocessing = 0;
		};
/* End PBXSourcesBuildPhase section */

/* Begin PBXTargetDependency section */
		02F5441B2B01A8CB00A39547 /* PBXTargetDependency */ = {
			isa = PBXTargetDependency;
			target = 02F544082B01A8C800A39547 /* SeSAC3SwiftUI */;
			targetProxy = 02F5441A2B01A8CB00A39547 /* PBXContainerItemProxy */;
		};
		02F544252B01A8CB00A39547 /* PBXTargetDependency */ = {
			isa = PBXTargetDependency;
			target = 02F544082B01A8C800A39547 /* SeSAC3SwiftUI */;
			targetProxy = 02F544242B01A8CB00A39547 /* PBXContainerItemProxy */;
		};
/* End PBXTargetDependency section */

/* Begin XCBuildConfiguration section */
		02F5442B2B01A8CB00A39547 /* Debug */ = {
			isa = XCBuildConfiguration;
			buildSettings = {
				ALWAYS_SEARCH_USER_PATHS = NO;
				ASSETCATALOG_COMPILER_GENERATE_SWIFT_ASSET_SYMBOL_EXTENSIONS = YES;
				CLANG_ANALYZER_NONNULL = YES;
				CLANG_ANALYZER_NUMBER_OBJECT_CONVERSION = YES_AGGRESSIVE;
				CLANG_CXX_LANGUAGE_STANDARD = "gnu++20";
				CLANG_ENABLE_MODULES = YES;
				CLANG_ENABLE_OBJC_ARC = YES;
				CLANG_ENABLE_OBJC_WEAK = YES;
				CLANG_WARN_BLOCK_CAPTURE_AUTORELEASING = YES;
				CLANG_WARN_BOOL_CONVERSION = YES;
				CLANG_WARN_COMMA = YES;
				CLANG_WARN_CONSTANT_CONVERSION = YES;
				CLANG_WARN_DEPRECATED_OBJC_IMPLEMENTATIONS = YES;
				CLANG_WARN_DIRECT_OBJC_ISA_USAGE = YES_ERROR;
				CLANG_WARN_DOCUMENTATION_COMMENTS = YES;
				CLANG_WARN_EMPTY_BODY = YES;
				CLANG_WARN_ENUM_CONVERSION = YES;
				CLANG_WARN_INFINITE_RECURSION = YES;
				CLANG_WARN_INT_CONVERSION = YES;
				CLANG_WARN_NON_LITERAL_NULL_CONVERSION = YES;
				CLANG_WARN_OBJC_IMPLICIT_RETAIN_SELF = YES;
				CLANG_WARN_OBJC_LITERAL_CONVERSION = YES;
				CLANG_WARN_OBJC_ROOT_CLASS = YES_ERROR;
				CLANG_WARN_QUOTED_INCLUDE_IN_FRAMEWORK_HEADER = YES;
				CLANG_WARN_RANGE_LOOP_ANALYSIS = YES;
				CLANG_WARN_STRICT_PROTOTYPES = YES;
				CLANG_WARN_SUSPICIOUS_MOVE = YES;
				CLANG_WARN_UNGUARDED_AVAILABILITY = YES_AGGRESSIVE;
				CLANG_WARN_UNREACHABLE_CODE = YES;
				CLANG_WARN__DUPLICATE_METHOD_MATCH = YES;
				COPY_PHASE_STRIP = NO;
				DEBUG_INFORMATION_FORMAT = dwarf;
				ENABLE_STRICT_OBJC_MSGSEND = YES;
				ENABLE_TESTABILITY = YES;
				ENABLE_USER_SCRIPT_SANDBOXING = YES;
				GCC_C_LANGUAGE_STANDARD = gnu17;
				GCC_DYNAMIC_NO_PIC = NO;
				GCC_NO_COMMON_BLOCKS = YES;
				GCC_OPTIMIZATION_LEVEL = 0;
				GCC_PREPROCESSOR_DEFINITIONS = (
					"DEBUG=1",
					"$(inherited)",
				);
				GCC_WARN_64_TO_32_BIT_CONVERSION = YES;
				GCC_WARN_ABOUT_RETURN_TYPE = YES_ERROR;
				GCC_WARN_UNDECLARED_SELECTOR = YES;
				GCC_WARN_UNINITIALIZED_AUTOS = YES_AGGRESSIVE;
				GCC_WARN_UNUSED_FUNCTION = YES;
				GCC_WARN_UNUSED_VARIABLE = YES;
				IPHONEOS_DEPLOYMENT_TARGET = 17.0;
				LOCALIZATION_PREFERS_STRING_CATALOGS = YES;
				MTL_ENABLE_DEBUG_INFO = INCLUDE_SOURCE;
				MTL_FAST_MATH = YES;
				ONLY_ACTIVE_ARCH = YES;
				SDKROOT = iphoneos;
				SWIFT_ACTIVE_COMPILATION_CONDITIONS = "DEBUG $(inherited)";
				SWIFT_OPTIMIZATION_LEVEL = "-Onone";
			};
			name = Debug;
		};
		02F5442C2B01A8CB00A39547 /* Release */ = {
			isa = XCBuildConfiguration;
			buildSettings = {
				ALWAYS_SEARCH_USER_PATHS = NO;
				ASSETCATALOG_COMPILER_GENERATE_SWIFT_ASSET_SYMBOL_EXTENSIONS = YES;
				CLANG_ANALYZER_NONNULL = YES;
				CLANG_ANALYZER_NUMBER_OBJECT_CONVERSION = YES_AGGRESSIVE;
				CLANG_CXX_LANGUAGE_STANDARD = "gnu++20";
				CLANG_ENABLE_MODULES = YES;
				CLANG_ENABLE_OBJC_ARC = YES;
				CLANG_ENABLE_OBJC_WEAK = YES;
				CLANG_WARN_BLOCK_CAPTURE_AUTORELEASING = YES;
				CLANG_WARN_BOOL_CONVERSION = YES;
				CLANG_WARN_COMMA = YES;
				CLANG_WARN_CONSTANT_CONVERSION = YES;
				CLANG_WARN_DEPRECATED_OBJC_IMPLEMENTATIONS = YES;
				CLANG_WARN_DIRECT_OBJC_ISA_USAGE = YES_ERROR;
				CLANG_WARN_DOCUMENTATION_COMMENTS = YES;
				CLANG_WARN_EMPTY_BODY = YES;
				CLANG_WARN_ENUM_CONVERSION = YES;
				CLANG_WARN_INFINITE_RECURSION = YES;
				CLANG_WARN_INT_CONVERSION = YES;
				CLANG_WARN_NON_LITERAL_NULL_CONVERSION = YES;
				CLANG_WARN_OBJC_IMPLICIT_RETAIN_SELF = YES;
				CLANG_WARN_OBJC_LITERAL_CONVERSION = YES;
				CLANG_WARN_OBJC_ROOT_CLASS = YES_ERROR;
				CLANG_WARN_QUOTED_INCLUDE_IN_FRAMEWORK_HEADER = YES;
				CLANG_WARN_RANGE_LOOP_ANALYSIS = YES;
				CLANG_WARN_STRICT_PROTOTYPES = YES;
				CLANG_WARN_SUSPICIOUS_MOVE = YES;
				CLANG_WARN_UNGUARDED_AVAILABILITY = YES_AGGRESSIVE;
				CLANG_WARN_UNREACHABLE_CODE = YES;
				CLANG_WARN__DUPLICATE_METHOD_MATCH = YES;
				COPY_PHASE_STRIP = NO;
				DEBUG_INFORMATION_FORMAT = "dwarf-with-dsym";
				ENABLE_NS_ASSERTIONS = NO;
				ENABLE_STRICT_OBJC_MSGSEND = YES;
				ENABLE_USER_SCRIPT_SANDBOXING = YES;
				GCC_C_LANGUAGE_STANDARD = gnu17;
				GCC_NO_COMMON_BLOCKS = YES;
				GCC_WARN_64_TO_32_BIT_CONVERSION = YES;
				GCC_WARN_ABOUT_RETURN_TYPE = YES_ERROR;
				GCC_WARN_UNDECLARED_SELECTOR = YES;
				GCC_WARN_UNINITIALIZED_AUTOS = YES_AGGRESSIVE;
				GCC_WARN_UNUSED_FUNCTION = YES;
				GCC_WARN_UNUSED_VARIABLE = YES;
				IPHONEOS_DEPLOYMENT_TARGET = 17.0;
				LOCALIZATION_PREFERS_STRING_CATALOGS = YES;
				MTL_ENABLE_DEBUG_INFO = NO;
				MTL_FAST_MATH = YES;
				SDKROOT = iphoneos;
				SWIFT_COMPILATION_MODE = wholemodule;
				VALIDATE_PRODUCT = YES;
			};
			name = Release;
		};
		02F5442E2B01A8CB00A39547 /* Debug */ = {
			isa = XCBuildConfiguration;
			buildSettings = {
				ASSETCATALOG_COMPILER_APPICON_NAME = AppIcon;
				ASSETCATALOG_COMPILER_GLOBAL_ACCENT_COLOR_NAME = AccentColor;
				CODE_SIGN_STYLE = Automatic;
				CURRENT_PROJECT_VERSION = 1;
				DEVELOPMENT_ASSET_PATHS = "\"SeSAC3SwiftUI/Preview Content\"";
				DEVELOPMENT_TEAM = DBXHWJCYZK;
				ENABLE_PREVIEWS = YES;
				GENERATE_INFOPLIST_FILE = YES;
				INFOPLIST_KEY_UIApplicationSceneManifest_Generation = YES;
				INFOPLIST_KEY_UIApplicationSupportsIndirectInputEvents = YES;
				INFOPLIST_KEY_UILaunchScreen_Generation = YES;
				INFOPLIST_KEY_UISupportedInterfaceOrientations_iPad = "UIInterfaceOrientationPortrait UIInterfaceOrientationPortraitUpsideDown UIInterfaceOrientationLandscapeLeft UIInterfaceOrientationLandscapeRight";
				INFOPLIST_KEY_UISupportedInterfaceOrientations_iPhone = "UIInterfaceOrientationPortrait UIInterfaceOrientationLandscapeLeft UIInterfaceOrientationLandscapeRight";
				LD_RUNPATH_SEARCH_PATHS = (
					"$(inherited)",
					"@executable_path/Frameworks",
				);
				MARKETING_VERSION = 1.0;
				PRODUCT_BUNDLE_IDENTIFIER = com.lavender.sesac.SeSAC3SwiftUI;
				PRODUCT_NAME = "$(TARGET_NAME)";
				SWIFT_EMIT_LOC_STRINGS = YES;
				SWIFT_VERSION = 5.0;
				TARGETED_DEVICE_FAMILY = "1,2";
			};
			name = Debug;
		};
		02F5442F2B01A8CB00A39547 /* Release */ = {
			isa = XCBuildConfiguration;
			buildSettings = {
				ASSETCATALOG_COMPILER_APPICON_NAME = AppIcon;
				ASSETCATALOG_COMPILER_GLOBAL_ACCENT_COLOR_NAME = AccentColor;
				CODE_SIGN_STYLE = Automatic;
				CURRENT_PROJECT_VERSION = 1;
				DEVELOPMENT_ASSET_PATHS = "\"SeSAC3SwiftUI/Preview Content\"";
				DEVELOPMENT_TEAM = DBXHWJCYZK;
				ENABLE_PREVIEWS = YES;
				GENERATE_INFOPLIST_FILE = YES;
				INFOPLIST_KEY_UIApplicationSceneManifest_Generation = YES;
				INFOPLIST_KEY_UIApplicationSupportsIndirectInputEvents = YES;
				INFOPLIST_KEY_UILaunchScreen_Generation = YES;
				INFOPLIST_KEY_UISupportedInterfaceOrientations_iPad = "UIInterfaceOrientationPortrait UIInterfaceOrientationPortraitUpsideDown UIInterfaceOrientationLandscapeLeft UIInterfaceOrientationLandscapeRight";
				INFOPLIST_KEY_UISupportedInterfaceOrientations_iPhone = "UIInterfaceOrientationPortrait UIInterfaceOrientationLandscapeLeft UIInterfaceOrientationLandscapeRight";
				LD_RUNPATH_SEARCH_PATHS = (
					"$(inherited)",
					"@executable_path/Frameworks",
				);
				MARKETING_VERSION = 1.0;
				PRODUCT_BUNDLE_IDENTIFIER = com.lavender.sesac.SeSAC3SwiftUI;
				PRODUCT_NAME = "$(TARGET_NAME)";
				SWIFT_EMIT_LOC_STRINGS = YES;
				SWIFT_VERSION = 5.0;
				TARGETED_DEVICE_FAMILY = "1,2";
			};
			name = Release;
		};
		02F544312B01A8CB00A39547 /* Debug */ = {
			isa = XCBuildConfiguration;
			buildSettings = {
				ALWAYS_EMBED_SWIFT_STANDARD_LIBRARIES = YES;
				BUNDLE_LOADER = "$(TEST_HOST)";
				CODE_SIGN_STYLE = Automatic;
				CURRENT_PROJECT_VERSION = 1;
				DEVELOPMENT_TEAM = DBXHWJCYZK;
				GENERATE_INFOPLIST_FILE = YES;
				IPHONEOS_DEPLOYMENT_TARGET = 17.0;
				MARKETING_VERSION = 1.0;
				PRODUCT_BUNDLE_IDENTIFIER = com.lavender.sesac.SeSAC3SwiftUITests;
				PRODUCT_NAME = "$(TARGET_NAME)";
				SWIFT_EMIT_LOC_STRINGS = NO;
				SWIFT_VERSION = 5.0;
				TARGETED_DEVICE_FAMILY = "1,2";
				TEST_HOST = "$(BUILT_PRODUCTS_DIR)/SeSAC3SwiftUI.app/$(BUNDLE_EXECUTABLE_FOLDER_PATH)/SeSAC3SwiftUI";
			};
			name = Debug;
		};
		02F544322B01A8CB00A39547 /* Release */ = {
			isa = XCBuildConfiguration;
			buildSettings = {
				ALWAYS_EMBED_SWIFT_STANDARD_LIBRARIES = YES;
				BUNDLE_LOADER = "$(TEST_HOST)";
				CODE_SIGN_STYLE = Automatic;
				CURRENT_PROJECT_VERSION = 1;
				DEVELOPMENT_TEAM = DBXHWJCYZK;
				GENERATE_INFOPLIST_FILE = YES;
				IPHONEOS_DEPLOYMENT_TARGET = 17.0;
				MARKETING_VERSION = 1.0;
				PRODUCT_BUNDLE_IDENTIFIER = com.lavender.sesac.SeSAC3SwiftUITests;
				PRODUCT_NAME = "$(TARGET_NAME)";
				SWIFT_EMIT_LOC_STRINGS = NO;
				SWIFT_VERSION = 5.0;
				TARGETED_DEVICE_FAMILY = "1,2";
				TEST_HOST = "$(BUILT_PRODUCTS_DIR)/SeSAC3SwiftUI.app/$(BUNDLE_EXECUTABLE_FOLDER_PATH)/SeSAC3SwiftUI";
			};
			name = Release;
		};
		02F544342B01A8CB00A39547 /* Debug */ = {
			isa = XCBuildConfiguration;
			buildSettings = {
				ALWAYS_EMBED_SWIFT_STANDARD_LIBRARIES = YES;
				CODE_SIGN_STYLE = Automatic;
				CURRENT_PROJECT_VERSION = 1;
				DEVELOPMENT_TEAM = DBXHWJCYZK;
				GENERATE_INFOPLIST_FILE = YES;
				MARKETING_VERSION = 1.0;
				PRODUCT_BUNDLE_IDENTIFIER = com.lavender.sesac.SeSAC3SwiftUIUITests;
				PRODUCT_NAME = "$(TARGET_NAME)";
				SWIFT_EMIT_LOC_STRINGS = NO;
				SWIFT_VERSION = 5.0;
				TARGETED_DEVICE_FAMILY = "1,2";
				TEST_TARGET_NAME = SeSAC3SwiftUI;
			};
			name = Debug;
		};
		02F544352B01A8CB00A39547 /* Release */ = {
			isa = XCBuildConfiguration;
			buildSettings = {
				ALWAYS_EMBED_SWIFT_STANDARD_LIBRARIES = YES;
				CODE_SIGN_STYLE = Automatic;
				CURRENT_PROJECT_VERSION = 1;
				DEVELOPMENT_TEAM = DBXHWJCYZK;
				GENERATE_INFOPLIST_FILE = YES;
				MARKETING_VERSION = 1.0;
				PRODUCT_BUNDLE_IDENTIFIER = com.lavender.sesac.SeSAC3SwiftUIUITests;
				PRODUCT_NAME = "$(TARGET_NAME)";
				SWIFT_EMIT_LOC_STRINGS = NO;
				SWIFT_VERSION = 5.0;
				TARGETED_DEVICE_FAMILY = "1,2";
				TEST_TARGET_NAME = SeSAC3SwiftUI;
			};
			name = Release;
		};
/* End XCBuildConfiguration section */

/* Begin XCConfigurationList section */
		02F544042B01A8C800A39547 /* Build configuration list for PBXProject "SeSAC3SwiftUI" */ = {
			isa = XCConfigurationList;
			buildConfigurations = (
				02F5442B2B01A8CB00A39547 /* Debug */,
				02F5442C2B01A8CB00A39547 /* Release */,
			);
			defaultConfigurationIsVisible = 0;
			defaultConfigurationName = Release;
		};
		02F5442D2B01A8CB00A39547 /* Build configuration list for PBXNativeTarget "SeSAC3SwiftUI" */ = {
			isa = XCConfigurationList;
			buildConfigurations = (
				02F5442E2B01A8CB00A39547 /* Debug */,
				02F5442F2B01A8CB00A39547 /* Release */,
			);
			defaultConfigurationIsVisible = 0;
			defaultConfigurationName = Release;
		};
		02F544302B01A8CB00A39547 /* Build configuration list for PBXNativeTarget "SeSAC3SwiftUITests" */ = {
			isa = XCConfigurationList;
			buildConfigurations = (
				02F544312B01A8CB00A39547 /* Debug */,
				02F544322B01A8CB00A39547 /* Release */,
			);
			defaultConfigurationIsVisible = 0;
			defaultConfigurationName = Release;
		};
		02F544332B01A8CB00A39547 /* Build configuration list for PBXNativeTarget "SeSAC3SwiftUIUITests" */ = {
			isa = XCConfigurationList;
			buildConfigurations = (
				02F544342B01A8CB00A39547 /* Debug */,
				02F544352B01A8CB00A39547 /* Release */,
			);
			defaultConfigurationIsVisible = 0;
			defaultConfigurationName = Release;
		};
/* End XCConfigurationList section */
	};
	rootObject = 02F544012B01A8C800A39547 /* Project object */;
}
